
Microsoft Visual Studio Solution File, Format Version 12.00
# Visual Studio 14
VisualStudioVersion = 14.0.25420.1
MinimumVisualStudioVersion = 10.0.40219.1
Project("{FAE04EC0-301F-11D3-BF4B-00C04F79EFBC}") = "SoketPrjSrv", "SoketPrj\SoketPrjSrv.csproj", "{BB6AD8D7-9736-449B-8882-7DF4E84663DB}"
EndProject
Project("{FAE04EC0-301F-11D3-BF4B-00C04F79EFBC}") = "SoketClient", "SoketClient\SoketClient.csproj", "{3099C7C2-AD1F-4638-B2E8-4428C92F3EB5}"
EndProject
Global
	GlobalSection(SolutionConfigurationPlatforms) = preSolution
		Debug|Any CPU = Debug|Any CPU
		Release|Any CPU = Release|Any CPU
	EndGlobalSection
	GlobalSection(ProjectConfigurationPlatforms) = postSolution
		{BB6AD8D7-9736-449B-8882-7DF4E84663DB}.Debug|Any CPU.ActiveCfg = Debug|Any CPU
		{BB6AD8D7-9736-449B-8882-7DF4E84663DB}.Debug|Any CPU.Build.0 = Debug|Any CPU
		{BB6AD8D7-9736-449B-8882-7DF4E84663DB}.Release|Any CPU.ActiveCfg = Release|Any CPU
		{BB6AD8D7-9736-449B-8882-7DF4E84663DB}.Release|Any CPU.Build.0 = Release|Any CPU
		{3099C7C2-AD1F-4638-B2E8-4428C92F3EB5}.Debug|Any CPU.ActiveCfg = Debug|Any CPU
		{3099C7C2-AD1F-4638-B2E8-4428C92F3EB5}.Debug|Any CPU.Build.0 = Debug|Any CPU
		{3099C7C2-AD1F-4638-B2E8-4428C92F3EB5}.Release|Any CPU.ActiveCfg = Release|Any CPU
		{3099C7C2-AD1F-4638-B2E8-4428C92F3EB5}.Release|Any CPU.Build.0 = Release|Any CPU
	EndGlobalSection
	GlobalSection(SolutionProperties) = preSolution
		HideSolutionNode = FALSE
	EndGlobalSection
EndGlobal
